
Microsoft Visual Studio Solution File, Format Version 11.00
# Visual Studio 2010
Project("{FAE04EC0-301F-11D3-BF4B-00C04F79EFBC}") = "Pokemon_Unity", "Assembly-CSharp.csproj", "{54782504-37FC-F96A-D686-722207962236}"
EndProject
Project("{FAE04EC0-301F-11D3-BF4B-00C04F79EFBC}") = "Pokemon_Unity", "Assembly-CSharp-Editor.csproj", "{40EFB80D-7474-B243-7A70-1909EC98FEDB}"
EndProject
Global
	GlobalSection(SolutionConfigurationPlatforms) = preSolution
		Debug|Any CPU = Debug|Any CPU
		Release|Any CPU = Release|Any CPU
	EndGlobalSection
	GlobalSection(ProjectConfigurationPlatforms) = postSolution
		{54782504-37FC-F96A-D686-722207962236}.Debug|Any CPU.ActiveCfg = Debug|Any CPU
		{54782504-37FC-F96A-D686-722207962236}.Debug|Any CPU.Build.0 = Debug|Any CPU
		{54782504-37FC-F96A-D686-722207962236}.Release|Any CPU.ActiveCfg = Release|Any CPU
		{54782504-37FC-F96A-D686-722207962236}.Release|Any CPU.Build.0 = Release|Any CPU
		{40EFB80D-7474-B243-7A70-1909EC98FEDB}.Debug|Any CPU.ActiveCfg = Debug|Any CPU
		{40EFB80D-7474-B243-7A70-1909EC98FEDB}.Debug|Any CPU.Build.0 = Debug|Any CPU
		{40EFB80D-7474-B243-7A70-1909EC98FEDB}.Release|Any CPU.ActiveCfg = Release|Any CPU
		{40EFB80D-7474-B243-7A70-1909EC98FEDB}.Release|Any CPU.Build.0 = Release|Any CPU
	EndGlobalSection
	GlobalSection(SolutionProperties) = preSolution
		HideSolutionNode = FALSE
	EndGlobalSection
	GlobalSection(MonoDevelopProperties) = preSolution
		StartupItem = Assembly-CSharp.csproj
	EndGlobalSection
EndGlobal
